// !$*UTF8*$!
{
	archiveVersion = 1;
	classes = {
	};
	objectVersion = 50;
	objects = {

/* Begin PBXBuildFile section */
		DA0C803520E3283F005F9698 /* AppDelegate.swift in Sources */ = {isa = PBXBuildFile; fileRef = DA0C803420E3283F005F9698 /* AppDelegate.swift */; };
		DA0C803720E3283F005F9698 /* ViewController.swift in Sources */ = {isa = PBXBuildFile; fileRef = DA0C803620E3283F005F9698 /* ViewController.swift */; };
		DA0C803A20E3283F005F9698 /* Main.storyboard in Resources */ = {isa = PBXBuildFile; fileRef = DA0C803820E3283F005F9698 /* Main.storyboard */; };
		DA0C803C20E32847005F9698 /* Assets.xcassets in Resources */ = {isa = PBXBuildFile; fileRef = DA0C803B20E32847005F9698 /* Assets.xcassets */; };
		DA0C803F20E32847005F9698 /* LaunchScreen.storyboard in Resources */ = {isa = PBXBuildFile; fileRef = DA0C803D20E32847005F9698 /* LaunchScreen.storyboard */; };
		DA0C804B20E32DAC005F9698 /* SVProgressHUD.framework in Frameworks */ = {isa = PBXBuildFile; fileRef = DA0C804A20E32DAC005F9698 /* SVProgressHUD.framework */; };
		DA0C804C20E32DAC005F9698 /* SVProgressHUD.framework in Embed Frameworks */ = {isa = PBXBuildFile; fileRef = DA0C804A20E32DAC005F9698 /* SVProgressHUD.framework */; settings = {ATTRIBUTES = (CodeSignOnCopy, RemoveHeadersOnCopy, ); }; };
		DA0C805220E347EC005F9698 /* VisualRecognitionV3.framework in Frameworks */ = {isa = PBXBuildFile; fileRef = DA0C805120E347EC005F9698 /* VisualRecognitionV3.framework */; };
		DA0C805320E347EC005F9698 /* VisualRecognitionV3.framework in Embed Frameworks */ = {isa = PBXBuildFile; fileRef = DA0C805120E347EC005F9698 /* VisualRecognitionV3.framework */; settings = {ATTRIBUTES = (CodeSignOnCopy, RemoveHeadersOnCopy, ); }; };
/* End PBXBuildFile section */

/* Begin PBXCopyFilesBuildPhase section */
		DA0C804920E329CE005F9698 /* Embed Frameworks */ = {
			isa = PBXCopyFilesBuildPhase;
			buildActionMask = 2147483647;
			dstPath = "";
			dstSubfolderSpec = 10;
			files = (
				DA0C804C20E32DAC005F9698 /* SVProgressHUD.framework in Embed Frameworks */,
				DA0C805320E347EC005F9698 /* VisualRecognitionV3.framework in Embed Frameworks */,
			);
			name = "Embed Frameworks";
			runOnlyForDeploymentPostprocessing = 0;
		};
/* End PBXCopyFilesBuildPhase section */

/* Begin PBXFileReference section */
		DA0C803120E3283F005F9698 /* HotDoggyDogZ!.app */ = {isa = PBXFileReference; explicitFileType = wrapper.application; includeInIndex = 0; path = "HotDoggyDogZ!.app"; sourceTree = BUILT_PRODUCTS_DIR; };
		DA0C803420E3283F005F9698 /* AppDelegate.swift */ = {isa = PBXFileReference; lastKnownFileType = sourcecode.swift; path = AppDelegate.swift; sourceTree = "<group>"; };
		DA0C803620E3283F005F9698 /* ViewController.swift */ = {isa = PBXFileReference; lastKnownFileType = sourcecode.swift; path = ViewController.swift; sourceTree = "<group>"; };
		DA0C803920E3283F005F9698 /* Base */ = {isa = PBXFileReference; lastKnownFileType = file.storyboard; name = Base; path = Base.lproj/Main.storyboard; sourceTree = "<group>"; };
		DA0C803B20E32847005F9698 /* Assets.xcassets */ = {isa = PBXFileReference; lastKnownFileType = folder.assetcatalog; path = Assets.xcassets; sourceTree = "<group>"; };
		DA0C803E20E32847005F9698 /* Base */ = {isa = PBXFileReference; lastKnownFileType = file.storyboard; name = Base; path = Base.lproj/LaunchScreen.storyboard; sourceTree = "<group>"; };
		DA0C804020E32847005F9698 /* Info.plist */ = {isa = PBXFileReference; lastKnownFileType = text.plist.xml; path = Info.plist; sourceTree = "<group>"; };
		DA0C804620E329CD005F9698 /* VisualRecognitionV3.framework */ = {isa = PBXFileReference; lastKnownFileType = wrapper.framework; path = VisualRecognitionV3.framework; sourceTree = "<group>"; };
		DA0C804A20E32DAC005F9698 /* SVProgressHUD.framework */ = {isa = PBXFileReference; lastKnownFileType = wrapper.framework; path = SVProgressHUD.framework; sourceTree = "<group>"; };
		DA0C804F20E347CD005F9698 /* VisualRecognitionV3.framework */ = {isa = PBXFileReference; lastKnownFileType = wrapper.framework; name = VisualRecognitionV3.framework; path = ../Carthage/Build/iOS/VisualRecognitionV3.framework; sourceTree = "<group>"; };
		DA0C805120E347EC005F9698 /* VisualRecognitionV3.framework */ = {isa = PBXFileReference; lastKnownFileType = wrapper.framework; name = VisualRecognitionV3.framework; path = ../Carthage/Build/iOS/VisualRecognitionV3.framework; sourceTree = "<group>"; };
/* End PBXFileReference section */

/* Begin PBXFrameworksBuildPhase section */
		DA0C802E20E3283F005F9698 /* Frameworks */ = {
			isa = PBXFrameworksBuildPhase;
			buildActionMask = 2147483647;
			files = (
				DA0C804B20E32DAC005F9698 /* SVProgressHUD.framework in Frameworks */,
				DA0C805220E347EC005F9698 /* VisualRecognitionV3.framework in Frameworks */,
			);
			runOnlyForDeploymentPostprocessing = 0;
		};
/* End PBXFrameworksBuildPhase section */

/* Begin PBXGroup section */
		DA0C802820E3283E005F9698 = {
			isa = PBXGroup;
			children = (
				DA0C805120E347EC005F9698 /* VisualRecognitionV3.framework */,
				DA0C804A20E32DAC005F9698 /* SVProgressHUD.framework */,
				DA0C804620E329CD005F9698 /* VisualRecognitionV3.framework */,
				DA0C803320E3283F005F9698 /* HotDoggyDogZ! */,
				DA0C803220E3283F005F9698 /* Products */,
				DA0C804E20E347CD005F9698 /* Frameworks */,
			);
			sourceTree = "<group>";
		};
		DA0C803220E3283F005F9698 /* Products */ = {
			isa = PBXGroup;
			children = (
				DA0C803120E3283F005F9698 /* HotDoggyDogZ!.app */,
			);
			name = Products;
			sourceTree = "<group>";
		};
		DA0C803320E3283F005F9698 /* HotDoggyDogZ! */ = {
			isa = PBXGroup;
			children = (
				DA0C804D20E32DDC005F9698 /* Controller */,
				DA0C803420E3283F005F9698 /* AppDelegate.swift */,
				DA0C803820E3283F005F9698 /* Main.storyboard */,
				DA0C803B20E32847005F9698 /* Assets.xcassets */,
				DA0C803D20E32847005F9698 /* LaunchScreen.storyboard */,
				DA0C804020E32847005F9698 /* Info.plist */,
			);
			path = "HotDoggyDogZ!";
			sourceTree = "<group>";
		};
		DA0C804D20E32DDC005F9698 /* Controller */ = {
			isa = PBXGroup;
			children = (
				DA0C803620E3283F005F9698 /* ViewController.swift */,
			);
			path = Controller;
			sourceTree = "<group>";
		};
		DA0C804E20E347CD005F9698 /* Frameworks */ = {
			isa = PBXGroup;
			children = (
				DA0C804F20E347CD005F9698 /* VisualRecognitionV3.framework */,
			);
			name = Frameworks;
			sourceTree = "<group>";
		};
/* End PBXGroup section */

/* Begin PBXNativeTarget section */
		DA0C803020E3283F005F9698 /* HotDoggyDogZ! */ = {
			isa = PBXNativeTarget;
			buildConfigurationList = DA0C804320E32847005F9698 /* Build configuration list for PBXNativeTarget "HotDoggyDogZ!" */;
			buildPhases = (
				DA0C802D20E3283F005F9698 /* Sources */,
				DA0C802E20E3283F005F9698 /* Frameworks */,
				DA0C802F20E3283F005F9698 /* Resources */,
				DA0C804920E329CE005F9698 /* Embed Frameworks */,
			);
			buildRules = (
			);
			dependencies = (
			);
			name = "HotDoggyDogZ!";
			productName = "HotDoggyDogZ!";
			productReference = DA0C803120E3283F005F9698 /* HotDoggyDogZ!.app */;
			productType = "com.apple.product-type.application";
		};
/* End PBXNativeTarget section */

/* Begin PBXProject section */
		DA0C802920E3283E005F9698 /* Project object */ = {
			isa = PBXProject;
			attributes = {
				LastSwiftUpdateCheck = 0940;
				LastUpgradeCheck = 0940;
				ORGANIZATIONNAME = "FasTek Technologies";
				TargetAttributes = {
					DA0C803020E3283F005F9698 = {
						CreatedOnToolsVersion = 9.4.1;
					};
				};
			};
			buildConfigurationList = DA0C802C20E3283E005F9698 /* Build configuration list for PBXProject "HotDoggyDogZ!" */;
			compatibilityVersion = "Xcode 9.3";
			developmentRegion = en;
			hasScannedForEncodings = 0;
			knownRegions = (
				en,
				Base,
			);
			mainGroup = DA0C802820E3283E005F9698;
			productRefGroup = DA0C803220E3283F005F9698 /* Products */;
			projectDirPath = "";
			projectRoot = "";
			targets = (
				DA0C803020E3283F005F9698 /* HotDoggyDogZ! */,
			);
		};
/* End PBXProject section */

/* Begin PBXResourcesBuildPhase section */
		DA0C802F20E3283F005F9698 /* Resources */ = {
			isa = PBXResourcesBuildPhase;
			buildActionMask = 2147483647;
			files = (
				DA0C803F20E32847005F9698 /* LaunchScreen.storyboard in Resources */,
				DA0C803C20E32847005F9698 /* Assets.xcassets in Resources */,
				DA0C803A20E3283F005F9698 /* Main.storyboard in Resources */,
			);
			runOnlyForDeploymentPostprocessing = 0;
		};
/* End PBXResourcesBuildPhase section */

/* Begin PBXSourcesBuildPhase section */
		DA0C802D20E3283F005F9698 /* Sources */ = {
			isa = PBXSourcesBuildPhase;
			buildActionMask = 2147483647;
			files = (
				DA0C803720E3283F005F9698 /* ViewController.swift in Sources */,
				DA0C803520E3283F005F9698 /* AppDelegate.swift in Sources */,
			);
			runOnlyForDeploymentPostprocessing = 0;
		};
/* End PBXSourcesBuildPhase section */

/* Begin PBXVariantGroup section */
		DA0C803820E3283F005F9698 /* Main.storyboard */ = {
			isa = PBXVariantGroup;
			children = (
				DA0C803920E3283F005F9698 /* Base */,
			);
			name = Main.storyboard;
			sourceTree = "<group>";
		};
		DA0C803D20E32847005F9698 /* LaunchScreen.storyboard */ = {
			isa = PBXVariantGroup;
			children = (
				DA0C803E20E32847005F9698 /* Base */,
			);
			name = LaunchScreen.storyboard;
			sourceTree = "<group>";
		};
/* End PBXVariantGroup section */

/* Begin XCBuildConfiguration section */
		DA0C804120E32847005F9698 /* Debug */ = {
			isa = XCBuildConfiguration;
			buildSettings = {
				ALWAYS_SEARCH_USER_PATHS = NO;
				CLANG_ANALYZER_NONNULL = YES;
				CLANG_ANALYZER_NUMBER_OBJECT_CONVERSION = YES_AGGRESSIVE;
				CLANG_CXX_LANGUAGE_STANDARD = "gnu++14";
				CLANG_CXX_LIBRARY = "libc++";
				CLANG_ENABLE_MODULES = YES;
				CLANG_ENABLE_OBJC_ARC = YES;
				CLANG_ENABLE_OBJC_WEAK = YES;
				CLANG_WARN_BLOCK_CAPTURE_AUTORELEASING = YES;
				CLANG_WARN_BOOL_CONVERSION = YES;
				CLANG_WARN_COMMA = YES;
				CLANG_WARN_CONSTANT_CONVERSION = YES;
				CLANG_WARN_DEPRECATED_OBJC_IMPLEMENTATIONS = YES;
				CLANG_WARN_DIRECT_OBJC_ISA_USAGE = YES_ERROR;
				CLANG_WARN_DOCUMENTATION_COMMENTS = YES;
				CLANG_WARN_EMPTY_BODY = YES;
				CLANG_WARN_ENUM_CONVERSION = YES;
				CLANG_WARN_INFINITE_RECURSION = YES;
				CLANG_WARN_INT_CONVERSION = YES;
				CLANG_WARN_NON_LITERAL_NULL_CONVERSION = YES;
				CLANG_WARN_OBJC_IMPLICIT_RETAIN_SELF = YES;
				CLANG_WARN_OBJC_LITERAL_CONVERSION = YES;
				CLANG_WARN_OBJC_ROOT_CLASS = YES_ERROR;
				CLANG_WARN_RANGE_LOOP_ANALYSIS = YES;
				CLANG_WARN_STRICT_PROTOTYPES = YES;
				CLANG_WARN_SUSPICIOUS_MOVE = YES;
				CLANG_WARN_UNGUARDED_AVAILABILITY = YES_AGGRESSIVE;
				CLANG_WARN_UNREACHABLE_CODE = YES;
				CLANG_WARN__DUPLICATE_METHOD_MATCH = YES;
				CODE_SIGN_IDENTITY = "iPhone Developer";
				COPY_PHASE_STRIP = NO;
				DEBUG_INFORMATION_FORMAT = dwarf;
				ENABLE_STRICT_OBJC_MSGSEND = YES;
				ENABLE_TESTABILITY = YES;
				GCC_C_LANGUAGE_STANDARD = gnu11;
				GCC_DYNAMIC_NO_PIC = NO;
				GCC_NO_COMMON_BLOCKS = YES;
				GCC_OPTIMIZATION_LEVEL = 0;
				GCC_PREPROCESSOR_DEFINITIONS = (
					"DEBUG=1",
					"$(inherited)",
				);
				GCC_WARN_64_TO_32_BIT_CONVERSION = YES;
				GCC_WARN_ABOUT_RETURN_TYPE = YES_ERROR;
				GCC_WARN_UNDECLARED_SELECTOR = YES;
				GCC_WARN_UNINITIALIZED_AUTOS = YES_AGGRESSIVE;
				GCC_WARN_UNUSED_FUNCTION = YES;
				GCC_WARN_UNUSED_VARIABLE = YES;
				IPHONEOS_DEPLOYMENT_TARGET = 11.4;
				MTL_ENABLE_DEBUG_INFO = YES;
				ONLY_ACTIVE_ARCH = YES;
				SDKROOT = iphoneos;
				SWIFT_ACTIVE_COMPILATION_CONDITIONS = DEBUG;
				SWIFT_OPTIMIZATION_LEVEL = "-Onone";
			};
			name = Debug;
		};
		DA0C804220E32847005F9698 /* Release */ = {
			isa = XCBuildConfiguration;
			buildSettings = {
				ALWAYS_SEARCH_USER_PATHS = NO;
				CLANG_ANALYZER_NONNULL = YES;
				CLANG_ANALYZER_NUMBER_OBJECT_CONVERSION = YES_AGGRESSIVE;
				CLANG_CXX_LANGUAGE_STANDARD = "gnu++14";
				CLANG_CXX_LIBRARY = "libc++";
				CLANG_ENABLE_MODULES = YES;
				CLANG_ENABLE_OBJC_ARC = YES;
				CLANG_ENABLE_OBJC_WEAK = YES;
				CLANG_WARN_BLOCK_CAPTURE_AUTORELEASING = YES;
				CLANG_WARN_BOOL_CONVERSION = YES;
				CLANG_WARN_COMMA = YES;
				CLANG_WARN_CONSTANT_CONVERSION = YES;
				CLANG_WARN_DEPRECATED_OBJC_IMPLEMENTATIONS = YES;
				CLANG_WARN_DIRECT_OBJC_ISA_USAGE = YES_ERROR;
				CLANG_WARN_DOCUMENTATION_COMMENTS = YES;
				CLANG_WARN_EMPTY_BODY = YES;
				CLANG_WARN_ENUM_CONVERSION = YES;
				CLANG_WARN_INFINITE_RECURSION = YES;
				CLANG_WARN_INT_CONVERSION = YES;
				CLANG_WARN_NON_LITERAL_NULL_CONVERSION = YES;
				CLANG_WARN_OBJC_IMPLICIT_RETAIN_SELF = YES;
				CLANG_WARN_OBJC_LITERAL_CONVERSION = YES;
				CLANG_WARN_OBJC_ROOT_CLASS = YES_ERROR;
				CLANG_WARN_RANGE_LOOP_ANALYSIS = YES;
				CLANG_WARN_STRICT_PROTOTYPES = YES;
				CLANG_WARN_SUSPICIOUS_MOVE = YES;
				CLANG_WARN_UNGUARDED_AVAILABILITY = YES_AGGRESSIVE;
				CLANG_WARN_UNREACHABLE_CODE = YES;
				CLANG_WARN__DUPLICATE_METHOD_MATCH = YES;
				CODE_SIGN_IDENTITY = "iPhone Developer";
				COPY_PHASE_STRIP = NO;
				DEBUG_INFORMATION_FORMAT = "dwarf-with-dsym";
				ENABLE_NS_ASSERTIONS = NO;
				ENABLE_STRICT_OBJC_MSGSEND = YES;
				GCC_C_LANGUAGE_STANDARD = gnu11;
				GCC_NO_COMMON_BLOCKS = YES;
				GCC_WARN_64_TO_32_BIT_CONVERSION = YES;
				GCC_WARN_ABOUT_RETURN_TYPE = YES_ERROR;
				GCC_WARN_UNDECLARED_SELECTOR = YES;
				GCC_WARN_UNINITIALIZED_AUTOS = YES_AGGRESSIVE;
				GCC_WARN_UNUSED_FUNCTION = YES;
				GCC_WARN_UNUSED_VARIABLE = YES;
				IPHONEOS_DEPLOYMENT_TARGET = 11.4;
				MTL_ENABLE_DEBUG_INFO = NO;
				SDKROOT = iphoneos;
				SWIFT_COMPILATION_MODE = wholemodule;
				SWIFT_OPTIMIZATION_LEVEL = "-O";
				VALIDATE_PRODUCT = YES;
			};
			name = Release;
		};
		DA0C804420E32847005F9698 /* Debug */ = {
			isa = XCBuildConfiguration;
			buildSettings = {
				ASSETCATALOG_COMPILER_APPICON_NAME = AppIcon;
				CODE_SIGN_STYLE = Automatic;
				DEVELOPMENT_TEAM = N762D69GAN;
				FRAMEWORK_SEARCH_PATHS = (
					"$(inherited)",
					"$(PROJECT_DIR)",
				);
				INFOPLIST_FILE = "HotDoggyDogZ!/Info.plist";
				LD_RUNPATH_SEARCH_PATHS = (
					"$(inherited)",
					"@executable_path/Frameworks",
				);
				PRODUCT_BUNDLE_IDENTIFIER = "ElderiedMcKinney.HotDoggyDogZ-";
				PRODUCT_NAME = "$(TARGET_NAME)";
				SWIFT_VERSION = 4.0;
				TARGETED_DEVICE_FAMILY = 1;
			};
			name = Debug;
		};
		DA0C804520E32847005F9698 /* Release */ = {
			isa = XCBuildConfiguration;
			buildSettings = {
				ASSETCATALOG_COMPILER_APPICON_NAME = AppIcon;
				CODE_SIGN_STYLE = Automatic;
				DEVELOPMENT_TEAM = N762D69GAN;
				FRAMEWORK_SEARCH_PATHS = (
					"$(inherited)",
					"$(PROJECT_DIR)",
				);
				INFOPLIST_FILE = "HotDoggyDogZ!/Info.plist";
				LD_RUNPATH_SEARCH_PATHS = (
					"$(inherited)",
					"@executable_path/Frameworks",
				);
				PRODUCT_BUNDLE_IDENTIFIER = "ElderiedMcKinney.HotDoggyDogZ-";
				PRODUCT_NAME = "$(TARGET_NAME)";
				SWIFT_VERSION = 4.0;
				TARGETED_DEVICE_FAMILY = 1;
			};
			name = Release;
		};
/* End XCBuildConfiguration section */

/* Begin XCConfigurationList section */
		DA0C802C20E3283E005F9698 /* Build configuration list for PBXProject "HotDoggyDogZ!" */ = {
			isa = XCConfigurationList;
			buildConfigurations = (
				DA0C804120E32847005F9698 /* Debug */,
				DA0C804220E32847005F9698 /* Release */,
			);
			defaultConfigurationIsVisible = 0;
			defaultConfigurationName = Release;
		};
		DA0C804320E32847005F9698 /* Build configuration list for PBXNativeTarget "HotDoggyDogZ!" */ = {
			isa = XCConfigurationList;
			buildConfigurations = (
				DA0C804420E32847005F9698 /* Debug */,
				DA0C804520E32847005F9698 /* Release */,
			);
			defaultConfigurationIsVisible = 0;
			defaultConfigurationName = Release;
		};
/* End XCConfigurationList section */
	};
	rootObject = DA0C802920E3283E005F9698 /* Project object */;
}
